
Microsoft Visual Studio Solution File, Format Version 12.00
# Visual Studio Version 16
VisualStudioVersion = 16.0.31624.102
MinimumVisualStudioVersion = 10.0.40219.1
Project("{FAE04EC0-301F-11D3-BF4B-00C04F79EFBC}") = "Murder Mystery", "Murder Mystery\Murder Mystery.csproj", "{CDE1C75B-27F1-48CA-95EF-0F46E9E335B8}"
EndProject
Global
	GlobalSection(SolutionConfigurationPlatforms) = preSolution
		Debug|Any CPU = Debug|Any CPU
		Release|Any CPU = Release|Any CPU
	EndGlobalSection
	GlobalSection(ProjectConfigurationPlatforms) = postSolution
		{CDE1C75B-27F1-48CA-95EF-0F46E9E335B8}.Debug|Any CPU.ActiveCfg = Debug|Any CPU
		{CDE1C75B-27F1-48CA-95EF-0F46E9E335B8}.Debug|Any CPU.Build.0 = Debug|Any CPU
		{CDE1C75B-27F1-48CA-95EF-0F46E9E335B8}.Release|Any CPU.ActiveCfg = Release|Any CPU
		{CDE1C75B-27F1-48CA-95EF-0F46E9E335B8}.Release|Any CPU.Build.0 = Release|Any CPU
	EndGlobalSection
	GlobalSection(SolutionProperties) = preSolution
		HideSolutionNode = FALSE
	EndGlobalSection
	GlobalSection(ExtensibilityGlobals) = postSolution
		SolutionGuid = {B83AAB4D-2466-41AD-AF55-6C5BE3033388}
	EndGlobalSection
EndGlobal
